
Microsoft Visual Studio Solution File, Format Version 12.00
# Visual Studio Version 17
VisualStudioVersion = 17.9.34728.123
MinimumVisualStudioVersion = 10.0.40219.1
Project("{9A19103F-16F7-4668-BE54-9A1E7A4F7556}") = "TqkLibrary.AudioPlayer.Sdl2", "TqkLibrary.AudioPlayer.Sdl2\TqkLibrary.AudioPlayer.Sdl2.csproj", "{A7C29E62-FB3E-4ED1-B4FE-DA213E8182E7}"
	ProjectSection(ProjectDependencies) = postProject
		{9F967A52-AC82-4604-BBC0-9B8D41F88B83} = {9F967A52-AC82-4604-BBC0-9B8D41F88B83}
	EndProjectSection
EndProject
Project("{8BC9CEB8-8B4A-11D0-8D11-00A0C91BC942}") = "TqkLibrary.AudioPlayer.Sdl2.Native", "TqkLibrary.AudioPlayer.Sdl2.Native\TqkLibrary.AudioPlayer.Sdl2.Native.vcxproj", "{9F967A52-AC82-4604-BBC0-9B8D41F88B83}"
EndProject
Project("{9A19103F-16F7-4668-BE54-9A1E7A4F7556}") = "ConsoleTest", "ConsoleTest\ConsoleTest.csproj", "{74C1E399-B989-49F6-8BD8-112592F1D18B}"
EndProject
Project("{2150E333-8FDC-42A3-9474-1A3956D46DE8}") = "Solution Items", "Solution Items", "{510A6BBD-D31C-43FE-A4FA-444AF72C706D}"
	ProjectSection(SolutionItems) = preProject
		Build.ps1 = Build.ps1
	EndProjectSection
EndProject
Global
	GlobalSection(SolutionConfigurationPlatforms) = preSolution
		Debug|Any CPU = Debug|Any CPU
		Debug|x64 = Debug|x64
		Debug|x86 = Debug|x86
		Release|Any CPU = Release|Any CPU
		Release|x64 = Release|x64
		Release|x86 = Release|x86
	EndGlobalSection
	GlobalSection(ProjectConfigurationPlatforms) = postSolution
		{A7C29E62-FB3E-4ED1-B4FE-DA213E8182E7}.Debug|Any CPU.ActiveCfg = Debug|Any CPU
		{A7C29E62-FB3E-4ED1-B4FE-DA213E8182E7}.Debug|Any CPU.Build.0 = Debug|Any CPU
		{A7C29E62-FB3E-4ED1-B4FE-DA213E8182E7}.Debug|x64.ActiveCfg = Debug|x64
		{A7C29E62-FB3E-4ED1-B4FE-DA213E8182E7}.Debug|x64.Build.0 = Debug|x64
		{A7C29E62-FB3E-4ED1-B4FE-DA213E8182E7}.Debug|x86.ActiveCfg = Debug|x86
		{A7C29E62-FB3E-4ED1-B4FE-DA213E8182E7}.Debug|x86.Build.0 = Debug|x86
		{A7C29E62-FB3E-4ED1-B4FE-DA213E8182E7}.Release|Any CPU.ActiveCfg = Release|Any CPU
		{A7C29E62-FB3E-4ED1-B4FE-DA213E8182E7}.Release|Any CPU.Build.0 = Release|Any CPU
		{A7C29E62-FB3E-4ED1-B4FE-DA213E8182E7}.Release|x64.ActiveCfg = Release|x64
		{A7C29E62-FB3E-4ED1-B4FE-DA213E8182E7}.Release|x64.Build.0 = Release|x64
		{A7C29E62-FB3E-4ED1-B4FE-DA213E8182E7}.Release|x86.ActiveCfg = Release|x86
		{A7C29E62-FB3E-4ED1-B4FE-DA213E8182E7}.Release|x86.Build.0 = Release|x86
		{9F967A52-AC82-4604-BBC0-9B8D41F88B83}.Debug|Any CPU.ActiveCfg = Debug|x64
		{9F967A52-AC82-4604-BBC0-9B8D41F88B83}.Debug|Any CPU.Build.0 = Debug|x64
		{9F967A52-AC82-4604-BBC0-9B8D41F88B83}.Debug|x64.ActiveCfg = Debug|x64
		{9F967A52-AC82-4604-BBC0-9B8D41F88B83}.Debug|x64.Build.0 = Debug|x64
		{9F967A52-AC82-4604-BBC0-9B8D41F88B83}.Debug|x86.ActiveCfg = Debug|Win32
		{9F967A52-AC82-4604-BBC0-9B8D41F88B83}.Debug|x86.Build.0 = Debug|Win32
		{9F967A52-AC82-4604-BBC0-9B8D41F88B83}.Release|Any CPU.ActiveCfg = Release|x64
		{9F967A52-AC82-4604-BBC0-9B8D41F88B83}.Release|Any CPU.Build.0 = Release|x64
		{9F967A52-AC82-4604-BBC0-9B8D41F88B83}.Release|x64.ActiveCfg = Release|x64
		{9F967A52-AC82-4604-BBC0-9B8D41F88B83}.Release|x64.Build.0 = Release|x64
		{9F967A52-AC82-4604-BBC0-9B8D41F88B83}.Release|x86.ActiveCfg = Release|Win32
		{9F967A52-AC82-4604-BBC0-9B8D41F88B83}.Release|x86.Build.0 = Release|Win32
		{74C1E399-B989-49F6-8BD8-112592F1D18B}.Debug|Any CPU.ActiveCfg = Debug|Any CPU
		{74C1E399-B989-49F6-8BD8-112592F1D18B}.Debug|Any CPU.Build.0 = Debug|Any CPU
		{74C1E399-B989-49F6-8BD8-112592F1D18B}.Debug|x64.ActiveCfg = Debug|x64
		{74C1E399-B989-49F6-8BD8-112592F1D18B}.Debug|x64.Build.0 = Debug|x64
		{74C1E399-B989-49F6-8BD8-112592F1D18B}.Debug|x86.ActiveCfg = Debug|x86
		{74C1E399-B989-49F6-8BD8-112592F1D18B}.Debug|x86.Build.0 = Debug|x86
		{74C1E399-B989-49F6-8BD8-112592F1D18B}.Release|Any CPU.ActiveCfg = Release|Any CPU
		{74C1E399-B989-49F6-8BD8-112592F1D18B}.Release|Any CPU.Build.0 = Release|Any CPU
		{74C1E399-B989-49F6-8BD8-112592F1D18B}.Release|x64.ActiveCfg = Release|Any CPU
		{74C1E399-B989-49F6-8BD8-112592F1D18B}.Release|x64.Build.0 = Release|Any CPU
		{74C1E399-B989-49F6-8BD8-112592F1D18B}.Release|x86.ActiveCfg = Release|Any CPU
		{74C1E399-B989-49F6-8BD8-112592F1D18B}.Release|x86.Build.0 = Release|Any CPU
	EndGlobalSection
	GlobalSection(SolutionProperties) = preSolution
		HideSolutionNode = FALSE
	EndGlobalSection
	GlobalSection(ExtensibilityGlobals) = postSolution
		SolutionGuid = {9A27E03C-1689-4AEA-BCBE-8F36B263BBE2}
	EndGlobalSection
EndGlobal
